
Microsoft Visual Studio Solution File, Format Version 12.00
# Visual Studio Version 16
VisualStudioVersion = 16.0.31911.196
MinimumVisualStudioVersion = 10.0.40219.1
Project("{9A19103F-16F7-4668-BE54-9A1E7A4F7556}") = "InRiver.Rest.Lib", "InRiver.Rest.Lib\InRiver.Rest.Lib.csproj", "{0A6934C4-6CCD-42C6-A173-A6D72D13BFC5}"
EndProject
Global
	GlobalSection(SolutionConfigurationPlatforms) = preSolution
		Debug|Any CPU = Debug|Any CPU
		Release|Any CPU = Release|Any CPU
	EndGlobalSection
	GlobalSection(ProjectConfigurationPlatforms) = postSolution
		{0A6934C4-6CCD-42C6-A173-A6D72D13BFC5}.Debug|Any CPU.ActiveCfg = Debug|Any CPU
		{0A6934C4-6CCD-42C6-A173-A6D72D13BFC5}.Debug|Any CPU.Build.0 = Debug|Any CPU
		{0A6934C4-6CCD-42C6-A173-A6D72D13BFC5}.Release|Any CPU.ActiveCfg = Release|Any CPU
		{0A6934C4-6CCD-42C6-A173-A6D72D13BFC5}.Release|Any CPU.Build.0 = Release|Any CPU
	EndGlobalSection
	GlobalSection(SolutionProperties) = preSolution
		HideSolutionNode = FALSE
	EndGlobalSection
	GlobalSection(ExtensibilityGlobals) = postSolution
		SolutionGuid = {58A96B52-E233-4FA9-9FD9-DCEAA627C801}
	EndGlobalSection
EndGlobal
